// !$*UTF8*$!
{
	archiveVersion = 1;
	classes = {
	};
	objectVersion = 77;
	objects = {

/* Begin PBXBuildFile section */
		C7E6E1042D468EA70056AE35 /* DeleteUserUseCaseTests.swift in Sources */ = {isa = PBXBuildFile; fileRef = C7E6E1032D468EA70056AE35 /* DeleteUserUseCaseTests.swift */; };
		C7E6E1612D46A3220056AE35 /* RemoveDuplicatedUsersUseCaseTests.swift in Sources */ = {isa = PBXBuildFile; fileRef = C7E6E1602D46A3220056AE35 /* RemoveDuplicatedUsersUseCaseTests.swift */; };
		C7E6E16D2D46CF190056AE35 /* FetchUsersUseCaseTests.swift in Sources */ = {isa = PBXBuildFile; fileRef = C7E6E16C2D46CF170056AE35 /* FetchUsersUseCaseTests.swift */; };
		C7E6E17A2D46E0700056AE35 /* UserRepositoryTests.swift in Sources */ = {isa = PBXBuildFile; fileRef = C7E6E1792D46E0700056AE35 /* UserRepositoryTests.swift */; };
/* End PBXBuildFile section */

/* Begin PBXContainerItemProxy section */
		C7D7B8A12D41A6E900AC4E79 /* PBXContainerItemProxy */ = {
			isa = PBXContainerItemProxy;
			containerPortal = C7D7B8882D41A6E700AC4E79 /* Project object */;
			proxyType = 1;
			remoteGlobalIDString = C7D7B88F2D41A6E700AC4E79;
			remoteInfo = AdevintaUsers;
		};
		C7D7B8AB2D41A6E900AC4E79 /* PBXContainerItemProxy */ = {
			isa = PBXContainerItemProxy;
			containerPortal = C7D7B8882D41A6E700AC4E79 /* Project object */;
			proxyType = 1;
			remoteGlobalIDString = C7D7B88F2D41A6E700AC4E79;
			remoteInfo = AdevintaUsers;
		};
/* End PBXContainerItemProxy section */

/* Begin PBXFileReference section */
		C76942722D42B6F6000033EE /* AdevintaUsersTests.xctestplan */ = {isa = PBXFileReference; lastKnownFileType = text; path = AdevintaUsersTests.xctestplan; sourceTree = "<group>"; };
		C7D7B8902D41A6E700AC4E79 /* AdevintaUsers.app */ = {isa = PBXFileReference; explicitFileType = wrapper.application; includeInIndex = 0; path = AdevintaUsers.app; sourceTree = BUILT_PRODUCTS_DIR; };
		C7D7B8A02D41A6E900AC4E79 /* AdevintaUsersTests.xctest */ = {isa = PBXFileReference; explicitFileType = wrapper.cfbundle; includeInIndex = 0; path = AdevintaUsersTests.xctest; sourceTree = BUILT_PRODUCTS_DIR; };
		C7D7B8AA2D41A6E900AC4E79 /* AdevintaUsersUITests.xctest */ = {isa = PBXFileReference; explicitFileType = wrapper.cfbundle; includeInIndex = 0; path = AdevintaUsersUITests.xctest; sourceTree = BUILT_PRODUCTS_DIR; };
		C7E6E1032D468EA70056AE35 /* DeleteUserUseCaseTests.swift */ = {isa = PBXFileReference; lastKnownFileType = sourcecode.swift; path = DeleteUserUseCaseTests.swift; sourceTree = "<group>"; };
		C7E6E1602D46A3220056AE35 /* RemoveDuplicatedUsersUseCaseTests.swift */ = {isa = PBXFileReference; lastKnownFileType = sourcecode.swift; path = RemoveDuplicatedUsersUseCaseTests.swift; sourceTree = "<group>"; };
		C7E6E16C2D46CF170056AE35 /* FetchUsersUseCaseTests.swift */ = {isa = PBXFileReference; lastKnownFileType = sourcecode.swift; path = FetchUsersUseCaseTests.swift; sourceTree = "<group>"; };
		C7E6E1792D46E0700056AE35 /* UserRepositoryTests.swift */ = {isa = PBXFileReference; lastKnownFileType = sourcecode.swift; path = UserRepositoryTests.swift; sourceTree = "<group>"; };
/* End PBXFileReference section */

/* Begin PBXFileSystemSynchronizedRootGroup section */
		C7D7B8922D41A6E700AC4E79 /* AdevintaUsers */ = {
			isa = PBXFileSystemSynchronizedRootGroup;
			path = AdevintaUsers;
			sourceTree = "<group>";
		};
		C7D7B8AD2D41A6E900AC4E79 /* AdevintaUsersUITests */ = {
			isa = PBXFileSystemSynchronizedRootGroup;
			path = AdevintaUsersUITests;
			sourceTree = "<group>";
		};
		C7D7B9162D424E4A00AC4E79 /* PresentationLayer */ = {
			isa = PBXFileSystemSynchronizedRootGroup;
			path = PresentationLayer;
			sourceTree = "<group>";
		};
/* End PBXFileSystemSynchronizedRootGroup section */

/* Begin PBXFrameworksBuildPhase section */
		C7D7B88D2D41A6E700AC4E79 /* Frameworks */ = {
			isa = PBXFrameworksBuildPhase;
			buildActionMask = 2147483647;
			files = (
			);
			runOnlyForDeploymentPostprocessing = 0;
		};
		C7D7B89D2D41A6E900AC4E79 /* Frameworks */ = {
			isa = PBXFrameworksBuildPhase;
			buildActionMask = 2147483647;
			files = (
			);
			runOnlyForDeploymentPostprocessing = 0;
		};
		C7D7B8A72D41A6E900AC4E79 /* Frameworks */ = {
			isa = PBXFrameworksBuildPhase;
			buildActionMask = 2147483647;
			files = (
			);
			runOnlyForDeploymentPostprocessing = 0;
		};
/* End PBXFrameworksBuildPhase section */

/* Begin PBXGroup section */
		C7D7B8872D41A6E700AC4E79 = {
			isa = PBXGroup;
			children = (
				C7D7B8922D41A6E700AC4E79 /* AdevintaUsers */,
				C76942722D42B6F6000033EE /* AdevintaUsersTests.xctestplan */,
				C7D7B9152D424E1500AC4E79 /* AdevintaUsersTests */,
				C7D7B8AD2D41A6E900AC4E79 /* AdevintaUsersUITests */,
				C7D7B8912D41A6E700AC4E79 /* Products */,
			);
			sourceTree = "<group>";
		};
		C7D7B8912D41A6E700AC4E79 /* Products */ = {
			isa = PBXGroup;
			children = (
				C7D7B8902D41A6E700AC4E79 /* AdevintaUsers.app */,
				C7D7B8A02D41A6E900AC4E79 /* AdevintaUsersTests.xctest */,
				C7D7B8AA2D41A6E900AC4E79 /* AdevintaUsersUITests.xctest */,
			);
			name = Products;
			sourceTree = "<group>";
		};
		C7D7B9152D424E1500AC4E79 /* AdevintaUsersTests */ = {
			isa = PBXGroup;
			children = (
				C7E6E1782D46E0420056AE35 /* DataLayer */,
				C7E6E1022D468E8C0056AE35 /* DomainLayer */,
				C7D7B9162D424E4A00AC4E79 /* PresentationLayer */,
			);
			path = AdevintaUsersTests;
			sourceTree = "<group>";
		};
		C7E6E1022D468E8C0056AE35 /* DomainLayer */ = {
			isa = PBXGroup;
			children = (
				C7E6E16C2D46CF170056AE35 /* FetchUsersUseCaseTests.swift */,
				C7E6E1602D46A3220056AE35 /* RemoveDuplicatedUsersUseCaseTests.swift */,
				C7E6E1032D468EA70056AE35 /* DeleteUserUseCaseTests.swift */,
			);
			path = DomainLayer;
			sourceTree = "<group>";
		};
		C7E6E1782D46E0420056AE35 /* DataLayer */ = {
			isa = PBXGroup;
			children = (
				C7E6E1792D46E0700056AE35 /* UserRepositoryTests.swift */,
			);
			path = DataLayer;
			sourceTree = "<group>";
		};
/* End PBXGroup section */

/* Begin PBXNativeTarget section */
		C7D7B88F2D41A6E700AC4E79 /* AdevintaUsers */ = {
			isa = PBXNativeTarget;
			buildConfigurationList = C7D7B8B42D41A6E900AC4E79 /* Build configuration list for PBXNativeTarget "AdevintaUsers" */;
			buildPhases = (
				C7D7B88C2D41A6E700AC4E79 /* Sources */,
				C7D7B88D2D41A6E700AC4E79 /* Frameworks */,
				C7D7B88E2D41A6E700AC4E79 /* Resources */,
			);
			buildRules = (
			);
			dependencies = (
			);
			fileSystemSynchronizedGroups = (
				C7D7B8922D41A6E700AC4E79 /* AdevintaUsers */,
			);
			name = AdevintaUsers;
			packageProductDependencies = (
			);
			productName = AdevintaUsers;
			productReference = C7D7B8902D41A6E700AC4E79 /* AdevintaUsers.app */;
			productType = "com.apple.product-type.application";
		};
		C7D7B89F2D41A6E900AC4E79 /* AdevintaUsersTests */ = {
			isa = PBXNativeTarget;
			buildConfigurationList = C7D7B8B72D41A6E900AC4E79 /* Build configuration list for PBXNativeTarget "AdevintaUsersTests" */;
			buildPhases = (
				C7D7B89C2D41A6E900AC4E79 /* Sources */,
				C7D7B89D2D41A6E900AC4E79 /* Frameworks */,
				C7D7B89E2D41A6E900AC4E79 /* Resources */,
			);
			buildRules = (
			);
			dependencies = (
				C7D7B8A22D41A6E900AC4E79 /* PBXTargetDependency */,
			);
			fileSystemSynchronizedGroups = (
				C7D7B9162D424E4A00AC4E79 /* PresentationLayer */,
			);
			name = AdevintaUsersTests;
			packageProductDependencies = (
			);
			productName = AdevintaUsersTests;
			productReference = C7D7B8A02D41A6E900AC4E79 /* AdevintaUsersTests.xctest */;
			productType = "com.apple.product-type.bundle.unit-test";
		};
		C7D7B8A92D41A6E900AC4E79 /* AdevintaUsersUITests */ = {
			isa = PBXNativeTarget;
			buildConfigurationList = C7D7B8BA2D41A6E900AC4E79 /* Build configuration list for PBXNativeTarget "AdevintaUsersUITests" */;
			buildPhases = (
				C7D7B8A62D41A6E900AC4E79 /* Sources */,
				C7D7B8A72D41A6E900AC4E79 /* Frameworks */,
				C7D7B8A82D41A6E900AC4E79 /* Resources */,
			);
			buildRules = (
			);
			dependencies = (
				C7D7B8AC2D41A6E900AC4E79 /* PBXTargetDependency */,
			);
			fileSystemSynchronizedGroups = (
				C7D7B8AD2D41A6E900AC4E79 /* AdevintaUsersUITests */,
			);
			name = AdevintaUsersUITests;
			packageProductDependencies = (
			);
			productName = AdevintaUsersUITests;
			productReference = C7D7B8AA2D41A6E900AC4E79 /* AdevintaUsersUITests.xctest */;
			productType = "com.apple.product-type.bundle.ui-testing";
		};
/* End PBXNativeTarget section */

/* Begin PBXProject section */
		C7D7B8882D41A6E700AC4E79 /* Project object */ = {
			isa = PBXProject;
			attributes = {
				BuildIndependentTargetsInParallel = 1;
				LastSwiftUpdateCheck = 1620;
				LastUpgradeCheck = 1620;
				TargetAttributes = {
					C7D7B88F2D41A6E700AC4E79 = {
						CreatedOnToolsVersion = 16.2;
					};
					C7D7B89F2D41A6E900AC4E79 = {
						CreatedOnToolsVersion = 16.2;
						TestTargetID = C7D7B88F2D41A6E700AC4E79;
					};
					C7D7B8A92D41A6E900AC4E79 = {
						CreatedOnToolsVersion = 16.2;
						TestTargetID = C7D7B88F2D41A6E700AC4E79;
					};
				};
			};
			buildConfigurationList = C7D7B88B2D41A6E700AC4E79 /* Build configuration list for PBXProject "AdevintaUsers" */;
			developmentRegion = en;
			hasScannedForEncodings = 0;
			knownRegions = (
				en,
				Base,
			);
			mainGroup = C7D7B8872D41A6E700AC4E79;
			minimizedProjectReferenceProxies = 1;
			preferredProjectObjectVersion = 77;
			productRefGroup = C7D7B8912D41A6E700AC4E79 /* Products */;
			projectDirPath = "";
			projectRoot = "";
			targets = (
				C7D7B88F2D41A6E700AC4E79 /* AdevintaUsers */,
				C7D7B89F2D41A6E900AC4E79 /* AdevintaUsersTests */,
				C7D7B8A92D41A6E900AC4E79 /* AdevintaUsersUITests */,
			);
		};
/* End PBXProject section */

/* Begin PBXResourcesBuildPhase section */
		C7D7B88E2D41A6E700AC4E79 /* Resources */ = {
			isa = PBXResourcesBuildPhase;
			buildActionMask = 2147483647;
			files = (
			);
			runOnlyForDeploymentPostprocessing = 0;
		};
		C7D7B89E2D41A6E900AC4E79 /* Resources */ = {
			isa = PBXResourcesBuildPhase;
			buildActionMask = 2147483647;
			files = (
			);
			runOnlyForDeploymentPostprocessing = 0;
		};
		C7D7B8A82D41A6E900AC4E79 /* Resources */ = {
			isa = PBXResourcesBuildPhase;
			buildActionMask = 2147483647;
			files = (
			);
			runOnlyForDeploymentPostprocessing = 0;
		};
/* End PBXResourcesBuildPhase section */

/* Begin PBXSourcesBuildPhase section */
		C7D7B88C2D41A6E700AC4E79 /* Sources */ = {
			isa = PBXSourcesBuildPhase;
			buildActionMask = 2147483647;
			files = (
			);
			runOnlyForDeploymentPostprocessing = 0;
		};
		C7D7B89C2D41A6E900AC4E79 /* Sources */ = {
			isa = PBXSourcesBuildPhase;
			buildActionMask = 2147483647;
			files = (
				C7E6E1042D468EA70056AE35 /* DeleteUserUseCaseTests.swift in Sources */,
				C7E6E16D2D46CF190056AE35 /* FetchUsersUseCaseTests.swift in Sources */,
				C7E6E1612D46A3220056AE35 /* RemoveDuplicatedUsersUseCaseTests.swift in Sources */,
				C7E6E17A2D46E0700056AE35 /* UserRepositoryTests.swift in Sources */,
			);
			runOnlyForDeploymentPostprocessing = 0;
		};
		C7D7B8A62D41A6E900AC4E79 /* Sources */ = {
			isa = PBXSourcesBuildPhase;
			buildActionMask = 2147483647;
			files = (
			);
			runOnlyForDeploymentPostprocessing = 0;
		};
/* End PBXSourcesBuildPhase section */

/* Begin PBXTargetDependency section */
		C7D7B8A22D41A6E900AC4E79 /* PBXTargetDependency */ = {
			isa = PBXTargetDependency;
			target = C7D7B88F2D41A6E700AC4E79 /* AdevintaUsers */;
			targetProxy = C7D7B8A12D41A6E900AC4E79 /* PBXContainerItemProxy */;
		};
		C7D7B8AC2D41A6E900AC4E79 /* PBXTargetDependency */ = {
			isa = PBXTargetDependency;
			target = C7D7B88F2D41A6E700AC4E79 /* AdevintaUsers */;
			targetProxy = C7D7B8AB2D41A6E900AC4E79 /* PBXContainerItemProxy */;
		};
/* End PBXTargetDependency section */

/* Begin XCBuildConfiguration section */
		C7D7B8B22D41A6E900AC4E79 /* Debug */ = {
			isa = XCBuildConfiguration;
			buildSettings = {
				ALWAYS_SEARCH_USER_PATHS = NO;
				ASSETCATALOG_COMPILER_GENERATE_SWIFT_ASSET_SYMBOL_EXTENSIONS = YES;
				CLANG_ANALYZER_NONNULL = YES;
				CLANG_ANALYZER_NUMBER_OBJECT_CONVERSION = YES_AGGRESSIVE;
				CLANG_CXX_LANGUAGE_STANDARD = "gnu++20";
				CLANG_ENABLE_MODULES = YES;
				CLANG_ENABLE_OBJC_ARC = YES;
				CLANG_ENABLE_OBJC_WEAK = YES;
				CLANG_WARN_BLOCK_CAPTURE_AUTORELEASING = YES;
				CLANG_WARN_BOOL_CONVERSION = YES;
				CLANG_WARN_COMMA = YES;
				CLANG_WARN_CONSTANT_CONVERSION = YES;
				CLANG_WARN_DEPRECATED_OBJC_IMPLEMENTATIONS = YES;
				CLANG_WARN_DIRECT_OBJC_ISA_USAGE = YES_ERROR;
				CLANG_WARN_DOCUMENTATION_COMMENTS = YES;
				CLANG_WARN_EMPTY_BODY = YES;
				CLANG_WARN_ENUM_CONVERSION = YES;
				CLANG_WARN_INFINITE_RECURSION = YES;
				CLANG_WARN_INT_CONVERSION = YES;
				CLANG_WARN_NON_LITERAL_NULL_CONVERSION = YES;
				CLANG_WARN_OBJC_IMPLICIT_RETAIN_SELF = YES;
				CLANG_WARN_OBJC_LITERAL_CONVERSION = YES;
				CLANG_WARN_OBJC_ROOT_CLASS = YES_ERROR;
				CLANG_WARN_QUOTED_INCLUDE_IN_FRAMEWORK_HEADER = YES;
				CLANG_WARN_RANGE_LOOP_ANALYSIS = YES;
				CLANG_WARN_STRICT_PROTOTYPES = YES;
				CLANG_WARN_SUSPICIOUS_MOVE = YES;
				CLANG_WARN_UNGUARDED_AVAILABILITY = YES_AGGRESSIVE;
				CLANG_WARN_UNREACHABLE_CODE = YES;
				CLANG_WARN__DUPLICATE_METHOD_MATCH = YES;
				COPY_PHASE_STRIP = NO;
				DEBUG_INFORMATION_FORMAT = dwarf;
				ENABLE_STRICT_OBJC_MSGSEND = YES;
				ENABLE_TESTABILITY = YES;
				ENABLE_USER_SCRIPT_SANDBOXING = YES;
				GCC_C_LANGUAGE_STANDARD = gnu17;
				GCC_DYNAMIC_NO_PIC = NO;
				GCC_NO_COMMON_BLOCKS = YES;
				GCC_OPTIMIZATION_LEVEL = 0;
				GCC_PREPROCESSOR_DEFINITIONS = (
					"DEBUG=1",
					"$(inherited)",
				);
				GCC_WARN_64_TO_32_BIT_CONVERSION = YES;
				GCC_WARN_ABOUT_RETURN_TYPE = YES_ERROR;
				GCC_WARN_UNDECLARED_SELECTOR = YES;
				GCC_WARN_UNINITIALIZED_AUTOS = YES_AGGRESSIVE;
				GCC_WARN_UNUSED_FUNCTION = YES;
				GCC_WARN_UNUSED_VARIABLE = YES;
				IPHONEOS_DEPLOYMENT_TARGET = 18.2;
				LOCALIZATION_PREFERS_STRING_CATALOGS = YES;
				MTL_ENABLE_DEBUG_INFO = INCLUDE_SOURCE;
				MTL_FAST_MATH = YES;
				ONLY_ACTIVE_ARCH = YES;
				SDKROOT = iphoneos;
				SWIFT_ACTIVE_COMPILATION_CONDITIONS = "DEBUG $(inherited)";
				SWIFT_OPTIMIZATION_LEVEL = "-Onone";
				SWIFT_VERSION = 6.0;
			};
			name = Debug;
		};
		C7D7B8B32D41A6E900AC4E79 /* Release */ = {
			isa = XCBuildConfiguration;
			buildSettings = {
				ALWAYS_SEARCH_USER_PATHS = NO;
				ASSETCATALOG_COMPILER_GENERATE_SWIFT_ASSET_SYMBOL_EXTENSIONS = YES;
				CLANG_ANALYZER_NONNULL = YES;
				CLANG_ANALYZER_NUMBER_OBJECT_CONVERSION = YES_AGGRESSIVE;
				CLANG_CXX_LANGUAGE_STANDARD = "gnu++20";
				CLANG_ENABLE_MODULES = YES;
				CLANG_ENABLE_OBJC_ARC = YES;
				CLANG_ENABLE_OBJC_WEAK = YES;
				CLANG_WARN_BLOCK_CAPTURE_AUTORELEASING = YES;
				CLANG_WARN_BOOL_CONVERSION = YES;
				CLANG_WARN_COMMA = YES;
				CLANG_WARN_CONSTANT_CONVERSION = YES;
				CLANG_WARN_DEPRECATED_OBJC_IMPLEMENTATIONS = YES;
				CLANG_WARN_DIRECT_OBJC_ISA_USAGE = YES_ERROR;
				CLANG_WARN_DOCUMENTATION_COMMENTS = YES;
				CLANG_WARN_EMPTY_BODY = YES;
				CLANG_WARN_ENUM_CONVERSION = YES;
				CLANG_WARN_INFINITE_RECURSION = YES;
				CLANG_WARN_INT_CONVERSION = YES;
				CLANG_WARN_NON_LITERAL_NULL_CONVERSION = YES;
				CLANG_WARN_OBJC_IMPLICIT_RETAIN_SELF = YES;
				CLANG_WARN_OBJC_LITERAL_CONVERSION = YES;
				CLANG_WARN_OBJC_ROOT_CLASS = YES_ERROR;
				CLANG_WARN_QUOTED_INCLUDE_IN_FRAMEWORK_HEADER = YES;
				CLANG_WARN_RANGE_LOOP_ANALYSIS = YES;
				CLANG_WARN_STRICT_PROTOTYPES = YES;
				CLANG_WARN_SUSPICIOUS_MOVE = YES;
				CLANG_WARN_UNGUARDED_AVAILABILITY = YES_AGGRESSIVE;
				CLANG_WARN_UNREACHABLE_CODE = YES;
				CLANG_WARN__DUPLICATE_METHOD_MATCH = YES;
				COPY_PHASE_STRIP = NO;
				DEBUG_INFORMATION_FORMAT = "dwarf-with-dsym";
				ENABLE_NS_ASSERTIONS = NO;
				ENABLE_STRICT_OBJC_MSGSEND = YES;
				ENABLE_USER_SCRIPT_SANDBOXING = YES;
				GCC_C_LANGUAGE_STANDARD = gnu17;
				GCC_NO_COMMON_BLOCKS = YES;
				GCC_WARN_64_TO_32_BIT_CONVERSION = YES;
				GCC_WARN_ABOUT_RETURN_TYPE = YES_ERROR;
				GCC_WARN_UNDECLARED_SELECTOR = YES;
				GCC_WARN_UNINITIALIZED_AUTOS = YES_AGGRESSIVE;
				GCC_WARN_UNUSED_FUNCTION = YES;
				GCC_WARN_UNUSED_VARIABLE = YES;
				IPHONEOS_DEPLOYMENT_TARGET = 18.2;
				LOCALIZATION_PREFERS_STRING_CATALOGS = YES;
				MTL_ENABLE_DEBUG_INFO = NO;
				MTL_FAST_MATH = YES;
				SDKROOT = iphoneos;
				SWIFT_COMPILATION_MODE = wholemodule;
				SWIFT_VERSION = 6.0;
				VALIDATE_PRODUCT = YES;
			};
			name = Release;
		};
		C7D7B8B52D41A6E900AC4E79 /* Debug */ = {
			isa = XCBuildConfiguration;
			buildSettings = {
				ASSETCATALOG_COMPILER_APPICON_NAME = AppIcon;
				ASSETCATALOG_COMPILER_GLOBAL_ACCENT_COLOR_NAME = AccentColor;
				CODE_SIGN_STYLE = Automatic;
				CURRENT_PROJECT_VERSION = 1;
				DEVELOPMENT_ASSET_PATHS = "\"AdevintaUsers/Preview Content\"";
				DEVELOPMENT_TEAM = 3VPL75LCE8;
				ENABLE_PREVIEWS = YES;
				GENERATE_INFOPLIST_FILE = YES;
				INFOPLIST_KEY_UIApplicationSceneManifest_Generation = YES;
				INFOPLIST_KEY_UIApplicationSupportsIndirectInputEvents = YES;
				INFOPLIST_KEY_UILaunchScreen_Generation = YES;
				INFOPLIST_KEY_UISupportedInterfaceOrientations_iPad = "UIInterfaceOrientationPortrait UIInterfaceOrientationPortraitUpsideDown UIInterfaceOrientationLandscapeLeft UIInterfaceOrientationLandscapeRight";
				INFOPLIST_KEY_UISupportedInterfaceOrientations_iPhone = "UIInterfaceOrientationPortrait UIInterfaceOrientationLandscapeLeft UIInterfaceOrientationLandscapeRight";
				LD_RUNPATH_SEARCH_PATHS = (
					"$(inherited)",
					"@executable_path/Frameworks",
				);
				MARKETING_VERSION = 1.0;
				PRODUCT_BUNDLE_IDENTIFIER = franco.bellu.AdevintaUsers;
				PRODUCT_NAME = "$(TARGET_NAME)";
				SWIFT_EMIT_LOC_STRINGS = YES;
				SWIFT_VERSION = 5.0;
				TARGETED_DEVICE_FAMILY = "1,2";
			};
			name = Debug;
		};
		C7D7B8B62D41A6E900AC4E79 /* Release */ = {
			isa = XCBuildConfiguration;
			buildSettings = {
				ASSETCATALOG_COMPILER_APPICON_NAME = AppIcon;
				ASSETCATALOG_COMPILER_GLOBAL_ACCENT_COLOR_NAME = AccentColor;
				CODE_SIGN_STYLE = Automatic;
				CURRENT_PROJECT_VERSION = 1;
				DEVELOPMENT_ASSET_PATHS = "\"AdevintaUsers/Preview Content\"";
				DEVELOPMENT_TEAM = 3VPL75LCE8;
				ENABLE_PREVIEWS = YES;
				GENERATE_INFOPLIST_FILE = YES;
				INFOPLIST_KEY_UIApplicationSceneManifest_Generation = YES;
				INFOPLIST_KEY_UIApplicationSupportsIndirectInputEvents = YES;
				INFOPLIST_KEY_UILaunchScreen_Generation = YES;
				INFOPLIST_KEY_UISupportedInterfaceOrientations_iPad = "UIInterfaceOrientationPortrait UIInterfaceOrientationPortraitUpsideDown UIInterfaceOrientationLandscapeLeft UIInterfaceOrientationLandscapeRight";
				INFOPLIST_KEY_UISupportedInterfaceOrientations_iPhone = "UIInterfaceOrientationPortrait UIInterfaceOrientationLandscapeLeft UIInterfaceOrientationLandscapeRight";
				LD_RUNPATH_SEARCH_PATHS = (
					"$(inherited)",
					"@executable_path/Frameworks",
				);
				MARKETING_VERSION = 1.0;
				PRODUCT_BUNDLE_IDENTIFIER = franco.bellu.AdevintaUsers;
				PRODUCT_NAME = "$(TARGET_NAME)";
				SWIFT_EMIT_LOC_STRINGS = YES;
				SWIFT_VERSION = 5.0;
				TARGETED_DEVICE_FAMILY = "1,2";
			};
			name = Release;
		};
		C7D7B8B82D41A6E900AC4E79 /* Debug */ = {
			isa = XCBuildConfiguration;
			buildSettings = {
				BUNDLE_LOADER = "$(TEST_HOST)";
				CODE_SIGN_STYLE = Automatic;
				CURRENT_PROJECT_VERSION = 1;
				DEVELOPMENT_TEAM = 3VPL75LCE8;
				GENERATE_INFOPLIST_FILE = YES;
				IPHONEOS_DEPLOYMENT_TARGET = 18.2;
				MARKETING_VERSION = 1.0;
				PRODUCT_BUNDLE_IDENTIFIER = franco.bellu.AdevintaUsersTests;
				PRODUCT_NAME = "$(TARGET_NAME)";
				SWIFT_EMIT_LOC_STRINGS = NO;
				SWIFT_VERSION = 5.0;
				TARGETED_DEVICE_FAMILY = "1,2";
				TEST_HOST = "$(BUILT_PRODUCTS_DIR)/AdevintaUsers.app/$(BUNDLE_EXECUTABLE_FOLDER_PATH)/AdevintaUsers";
			};
			name = Debug;
		};
		C7D7B8B92D41A6E900AC4E79 /* Release */ = {
			isa = XCBuildConfiguration;
			buildSettings = {
				BUNDLE_LOADER = "$(TEST_HOST)";
				CODE_SIGN_STYLE = Automatic;
				CURRENT_PROJECT_VERSION = 1;
				DEVELOPMENT_TEAM = 3VPL75LCE8;
				GENERATE_INFOPLIST_FILE = YES;
				IPHONEOS_DEPLOYMENT_TARGET = 18.2;
				MARKETING_VERSION = 1.0;
				PRODUCT_BUNDLE_IDENTIFIER = franco.bellu.AdevintaUsersTests;
				PRODUCT_NAME = "$(TARGET_NAME)";
				SWIFT_EMIT_LOC_STRINGS = NO;
				SWIFT_VERSION = 5.0;
				TARGETED_DEVICE_FAMILY = "1,2";
				TEST_HOST = "$(BUILT_PRODUCTS_DIR)/AdevintaUsers.app/$(BUNDLE_EXECUTABLE_FOLDER_PATH)/AdevintaUsers";
			};
			name = Release;
		};
		C7D7B8BB2D41A6E900AC4E79 /* Debug */ = {
			isa = XCBuildConfiguration;
			buildSettings = {
				CODE_SIGN_STYLE = Automatic;
				CURRENT_PROJECT_VERSION = 1;
				DEVELOPMENT_TEAM = 3VPL75LCE8;
				GENERATE_INFOPLIST_FILE = YES;
				MARKETING_VERSION = 1.0;
				PRODUCT_BUNDLE_IDENTIFIER = franco.bellu.AdevintaUsersUITests;
				PRODUCT_NAME = "$(TARGET_NAME)";
				SWIFT_EMIT_LOC_STRINGS = NO;
				SWIFT_VERSION = 5.0;
				TARGETED_DEVICE_FAMILY = "1,2";
				TEST_TARGET_NAME = AdevintaUsers;
			};
			name = Debug;
		};
		C7D7B8BC2D41A6E900AC4E79 /* Release */ = {
			isa = XCBuildConfiguration;
			buildSettings = {
				CODE_SIGN_STYLE = Automatic;
				CURRENT_PROJECT_VERSION = 1;
				DEVELOPMENT_TEAM = 3VPL75LCE8;
				GENERATE_INFOPLIST_FILE = YES;
				MARKETING_VERSION = 1.0;
				PRODUCT_BUNDLE_IDENTIFIER = franco.bellu.AdevintaUsersUITests;
				PRODUCT_NAME = "$(TARGET_NAME)";
				SWIFT_EMIT_LOC_STRINGS = NO;
				SWIFT_VERSION = 5.0;
				TARGETED_DEVICE_FAMILY = "1,2";
				TEST_TARGET_NAME = AdevintaUsers;
			};
			name = Release;
		};
/* End XCBuildConfiguration section */

/* Begin XCConfigurationList section */
		C7D7B88B2D41A6E700AC4E79 /* Build configuration list for PBXProject "AdevintaUsers" */ = {
			isa = XCConfigurationList;
			buildConfigurations = (
				C7D7B8B22D41A6E900AC4E79 /* Debug */,
				C7D7B8B32D41A6E900AC4E79 /* Release */,
			);
			defaultConfigurationIsVisible = 0;
			defaultConfigurationName = Release;
		};
		C7D7B8B42D41A6E900AC4E79 /* Build configuration list for PBXNativeTarget "AdevintaUsers" */ = {
			isa = XCConfigurationList;
			buildConfigurations = (
				C7D7B8B52D41A6E900AC4E79 /* Debug */,
				C7D7B8B62D41A6E900AC4E79 /* Release */,
			);
			defaultConfigurationIsVisible = 0;
			defaultConfigurationName = Release;
		};
		C7D7B8B72D41A6E900AC4E79 /* Build configuration list for PBXNativeTarget "AdevintaUsersTests" */ = {
			isa = XCConfigurationList;
			buildConfigurations = (
				C7D7B8B82D41A6E900AC4E79 /* Debug */,
				C7D7B8B92D41A6E900AC4E79 /* Release */,
			);
			defaultConfigurationIsVisible = 0;
			defaultConfigurationName = Release;
		};
		C7D7B8BA2D41A6E900AC4E79 /* Build configuration list for PBXNativeTarget "AdevintaUsersUITests" */ = {
			isa = XCConfigurationList;
			buildConfigurations = (
				C7D7B8BB2D41A6E900AC4E79 /* Debug */,
				C7D7B8BC2D41A6E900AC4E79 /* Release */,
			);
			defaultConfigurationIsVisible = 0;
			defaultConfigurationName = Release;
		};
/* End XCConfigurationList section */
	};
	rootObject = C7D7B8882D41A6E700AC4E79 /* Project object */;
}
